
Microsoft Visual Studio Solution File, Format Version 12.00
# Visual Studio 2013
VisualStudioVersion = 12.0.40629.0
MinimumVisualStudioVersion = 10.0.40219.1
Project("{FAE04EC0-301F-11D3-BF4B-00C04F79EFBC}") = "lock_in", "lock_in\lock_in.csproj", "{8108A6FB-0AC0-49DC-A063-AD245EC01BFB}"
EndProject
Project("{54435603-DBB4-11D2-8724-00A0C9A8B90C}") = "lock_in_setup", "lock_in_setup\lock_in_setup.vdproj", "{448E768D-536F-4E56-8E0C-18B0EE07DA6A}"
EndProject
Global
	GlobalSection(SolutionConfigurationPlatforms) = preSolution
		Debug|Any CPU = Debug|Any CPU
		Release|Any CPU = Release|Any CPU
	EndGlobalSection
	GlobalSection(ProjectConfigurationPlatforms) = postSolution
		{8108A6FB-0AC0-49DC-A063-AD245EC01BFB}.Debug|Any CPU.ActiveCfg = Debug|Any CPU
		{8108A6FB-0AC0-49DC-A063-AD245EC01BFB}.Debug|Any CPU.Build.0 = Debug|Any CPU
		{8108A6FB-0AC0-49DC-A063-AD245EC01BFB}.Release|Any CPU.ActiveCfg = Release|Any CPU
		{8108A6FB-0AC0-49DC-A063-AD245EC01BFB}.Release|Any CPU.Build.0 = Release|Any CPU
		{448E768D-536F-4E56-8E0C-18B0EE07DA6A}.Debug|Any CPU.ActiveCfg = Debug
		{448E768D-536F-4E56-8E0C-18B0EE07DA6A}.Release|Any CPU.ActiveCfg = Release
	EndGlobalSection
	GlobalSection(SolutionProperties) = preSolution
		HideSolutionNode = FALSE
	EndGlobalSection
EndGlobal
